
Microsoft Visual Studio Solution File, Format Version 12.00
# Visual Studio 2012
Project("{FAE04EC0-301F-11D3-BF4B-00C04F79EFBC}") = "Mokup", "Mokup\Mokup.csproj", "{D37DE9BF-B7B1-4E7D-ADC6-DBD73EC63321}"
EndProject
Project("{FAE04EC0-301F-11D3-BF4B-00C04F79EFBC}") = "CollapseFrameWidget", "..\CollapseFrameWidget\CollapseFrameWidget.csproj", "{9A8DB872-30A9-4F25-B147-4A50800E7089}"
EndProject
Project("{FAE04EC0-301F-11D3-BF4B-00C04F79EFBC}") = "PlotWidget", "..\PlotWidget\PlotWidget.csproj", "{CDFA28E0-E945-44BA-890C-9CAD81B1550E}"
EndProject
Project("{FAE04EC0-301F-11D3-BF4B-00C04F79EFBC}") = "DualSliderWidget", "..\DualSliderWidget\DualSliderWidget.csproj", "{7FD53082-D0F6-4249-9C49-3474A0EC6A3D}"
EndProject
Global
	GlobalSection(SolutionConfigurationPlatforms) = preSolution
		Debug|x86 = Debug|x86
		Release|x86 = Release|x86
	EndGlobalSection
	GlobalSection(ProjectConfigurationPlatforms) = postSolution
		{7FD53082-D0F6-4249-9C49-3474A0EC6A3D}.Debug|x86.ActiveCfg = Debug|Any CPU
		{7FD53082-D0F6-4249-9C49-3474A0EC6A3D}.Debug|x86.Build.0 = Debug|Any CPU
		{7FD53082-D0F6-4249-9C49-3474A0EC6A3D}.Release|x86.ActiveCfg = Release|Any CPU
		{7FD53082-D0F6-4249-9C49-3474A0EC6A3D}.Release|x86.Build.0 = Release|Any CPU
		{9A8DB872-30A9-4F25-B147-4A50800E7089}.Debug|x86.ActiveCfg = Debug|Any CPU
		{9A8DB872-30A9-4F25-B147-4A50800E7089}.Debug|x86.Build.0 = Debug|Any CPU
		{9A8DB872-30A9-4F25-B147-4A50800E7089}.Release|x86.ActiveCfg = Release|Any CPU
		{9A8DB872-30A9-4F25-B147-4A50800E7089}.Release|x86.Build.0 = Release|Any CPU
		{CDFA28E0-E945-44BA-890C-9CAD81B1550E}.Debug|x86.ActiveCfg = Debug|Any CPU
		{CDFA28E0-E945-44BA-890C-9CAD81B1550E}.Debug|x86.Build.0 = Debug|Any CPU
		{CDFA28E0-E945-44BA-890C-9CAD81B1550E}.Release|x86.ActiveCfg = Release|Any CPU
		{CDFA28E0-E945-44BA-890C-9CAD81B1550E}.Release|x86.Build.0 = Release|Any CPU
		{D37DE9BF-B7B1-4E7D-ADC6-DBD73EC63321}.Debug|x86.ActiveCfg = Debug|x86
		{D37DE9BF-B7B1-4E7D-ADC6-DBD73EC63321}.Debug|x86.Build.0 = Debug|x86
		{D37DE9BF-B7B1-4E7D-ADC6-DBD73EC63321}.Release|x86.ActiveCfg = Release|x86
		{D37DE9BF-B7B1-4E7D-ADC6-DBD73EC63321}.Release|x86.Build.0 = Release|x86
	EndGlobalSection
EndGlobal
