
Microsoft Visual Studio Solution File, Format Version 11.00
# Visual Studio 2010
Project("{FAE04EC0-301F-11D3-BF4B-00C04F79EFBC}") = "Logger", "Logger.csproj", "{DAF25932-C4D6-4619-BDA6-9CF7D8684340}"
EndProject
Global
	GlobalSection(SolutionConfigurationPlatforms) = preSolution
		Debug|Any CPU = Debug|Any CPU
		Release|Any CPU = Release|Any CPU
		FakeCards|Any CPU = FakeCards|Any CPU
	EndGlobalSection
	GlobalSection(ProjectConfigurationPlatforms) = postSolution
		{DAF25932-C4D6-4619-BDA6-9CF7D8684340}.Debug|Any CPU.ActiveCfg = Debug|Any CPU
		{DAF25932-C4D6-4619-BDA6-9CF7D8684340}.Debug|Any CPU.Build.0 = Debug|Any CPU
		{DAF25932-C4D6-4619-BDA6-9CF7D8684340}.FakeCards|Any CPU.ActiveCfg = FakeCards|Any CPU
		{DAF25932-C4D6-4619-BDA6-9CF7D8684340}.FakeCards|Any CPU.Build.0 = FakeCards|Any CPU
		{DAF25932-C4D6-4619-BDA6-9CF7D8684340}.Release|Any CPU.ActiveCfg = Release|Any CPU
		{DAF25932-C4D6-4619-BDA6-9CF7D8684340}.Release|Any CPU.Build.0 = Release|Any CPU
	EndGlobalSection
EndGlobal
