
Microsoft Visual Studio Solution File, Format Version 12.00
# Visual Studio 2012
Project("{FAE04EC0-301F-11D3-BF4B-00C04F79EFBC}") = "MCUWidget", "MCUWidget.csproj", "{F22CE198-8197-4031-9583-F7CCB7F147F2}"
EndProject
Project("{FAE04EC0-301F-11D3-BF4B-00C04F79EFBC}") = "MCUWidgetTest", "..\MCUWidgetTest\MCUWidgetTest\MCUWidgetTest.csproj", "{4D4A7400-9F18-4654-9D10-AAB2B2311F34}"
EndProject
Global
	GlobalSection(SolutionConfigurationPlatforms) = preSolution
		Debug|x86 = Debug|x86
		Release|x86 = Release|x86
	EndGlobalSection
	GlobalSection(ProjectConfigurationPlatforms) = postSolution
		{4D4A7400-9F18-4654-9D10-AAB2B2311F34}.Debug|x86.ActiveCfg = Debug|x86
		{4D4A7400-9F18-4654-9D10-AAB2B2311F34}.Debug|x86.Build.0 = Debug|x86
		{4D4A7400-9F18-4654-9D10-AAB2B2311F34}.Release|x86.ActiveCfg = Release|x86
		{4D4A7400-9F18-4654-9D10-AAB2B2311F34}.Release|x86.Build.0 = Release|x86
		{F22CE198-8197-4031-9583-F7CCB7F147F2}.Debug|x86.ActiveCfg = Debug|x86
		{F22CE198-8197-4031-9583-F7CCB7F147F2}.Debug|x86.Build.0 = Debug|x86
		{F22CE198-8197-4031-9583-F7CCB7F147F2}.Release|x86.ActiveCfg = Release|x86
		{F22CE198-8197-4031-9583-F7CCB7F147F2}.Release|x86.Build.0 = Release|x86
	EndGlobalSection
EndGlobal
