
Microsoft Visual Studio Solution File, Format Version 12.00
# Visual Studio 2012
Project("{FAE04EC0-301F-11D3-BF4B-00C04F79EFBC}") = "INIFileLoader", "INIFileLoader.csproj", "{BC08C318-31D2-45EB-B175-C45D6406D624}"
EndProject
Project("{FAE04EC0-301F-11D3-BF4B-00C04F79EFBC}") = "INIFileLoaderTest", "..\INIFileLoaderTest\INIFileLoaderTest.csproj", "{EE9F94DE-82D8-41DB-B093-D2D6CE388329}"
EndProject
Project("{FAE04EC0-301F-11D3-BF4B-00C04F79EFBC}") = "Ini-Parser-Test", "..\Ini-Parser-Test\Ini-Parser-Test.csproj", "{19E0D8A3-4360-4A10-8A71-0099681BCDD4}"
EndProject
Global
	GlobalSection(SolutionConfigurationPlatforms) = preSolution
		Debug|x86 = Debug|x86
		Release|x86 = Release|x86
	EndGlobalSection
	GlobalSection(ProjectConfigurationPlatforms) = postSolution
		{19E0D8A3-4360-4A10-8A71-0099681BCDD4}.Debug|x86.ActiveCfg = Debug|Any CPU
		{19E0D8A3-4360-4A10-8A71-0099681BCDD4}.Debug|x86.Build.0 = Debug|Any CPU
		{19E0D8A3-4360-4A10-8A71-0099681BCDD4}.Release|x86.ActiveCfg = Release|Any CPU
		{19E0D8A3-4360-4A10-8A71-0099681BCDD4}.Release|x86.Build.0 = Release|Any CPU
		{BC08C318-31D2-45EB-B175-C45D6406D624}.Debug|x86.ActiveCfg = Debug|x86
		{BC08C318-31D2-45EB-B175-C45D6406D624}.Debug|x86.Build.0 = Debug|x86
		{BC08C318-31D2-45EB-B175-C45D6406D624}.Release|x86.ActiveCfg = Release|x86
		{BC08C318-31D2-45EB-B175-C45D6406D624}.Release|x86.Build.0 = Release|x86
		{EE9F94DE-82D8-41DB-B093-D2D6CE388329}.Debug|x86.ActiveCfg = Debug|Any CPU
		{EE9F94DE-82D8-41DB-B093-D2D6CE388329}.Debug|x86.Build.0 = Debug|Any CPU
		{EE9F94DE-82D8-41DB-B093-D2D6CE388329}.Release|x86.ActiveCfg = Release|Any CPU
		{EE9F94DE-82D8-41DB-B093-D2D6CE388329}.Release|x86.Build.0 = Release|Any CPU
	EndGlobalSection
EndGlobal
