
Microsoft Visual Studio Solution File, Format Version 12.00
# Visual Studio 2012
Project("{FAE04EC0-301F-11D3-BF4B-00C04F79EFBC}") = "Backend", "..\PrototypeBackend\Backend.csproj", "{26212356-8A7B-454E-91B0-D3A325E53AA5}"
EndProject
Project("{FAE04EC0-301F-11D3-BF4B-00C04F79EFBC}") = "PrototypeTests", "..\PrototypeTests\PrototypeTests.csproj", "{7B3354E4-2100-496B-B15A-557FF10D9A2E}"
EndProject
Project("{FAE04EC0-301F-11D3-BF4B-00C04F79EFBC}") = "Frontend", "..\PrototypeDebugWindow\Frontend.csproj", "{04110A7A-9AAD-4DCC-BCC9-D5B43B7D7F5E}"
EndProject
Project("{2150E333-8FDC-42A3-9474-1A3956D46DE8}") = "GUIElements", "GUIElements", "{A12F99B0-3709-47FD-B8A9-6101257C8F16}"
EndProject
Project("{FAE04EC0-301F-11D3-BF4B-00C04F79EFBC}") = "MeasurmentConfigurationDialog", "..\AnalogPinConfigurationDialog\MeasurmentConfigurationDialog.csproj", "{FFC2AF04-F784-438D-83A2-6467A27248E0}"
EndProject
Project("{FAE04EC0-301F-11D3-BF4B-00C04F79EFBC}") = "DigitalPinConfigurationDialog", "..\DigitalPinConfigurationDialog\DigitalPinConfigurationDialog.csproj", "{6CB4019B-7C2D-4009-95A4-DAE460252C04}"
EndProject
Project("{FAE04EC0-301F-11D3-BF4B-00C04F79EFBC}") = "MeasurementCombinationDialog", "..\SignalConfigurationDialog\MeasurementCombinationDialog.csproj", "{8538A3C9-0CE5-497E-9B4B-4663B0464859}"
EndProject
Project("{FAE04EC0-301F-11D3-BF4B-00C04F79EFBC}") = "GUIHelper", "..\GUIHelper\GUIHelper.csproj", "{2B884C8B-58D1-4299-A844-6377FD6EDBEE}"
EndProject
Project("{FAE04EC0-301F-11D3-BF4B-00C04F79EFBC}") = "SequenceConfigurationsDialog", "..\SequenceConfigurationsDialog\SequenceConfigurationsDialog.csproj", "{2895E5CB-735D-4745-AF5F-40B9F3E7C1E9}"
EndProject
Project("{FAE04EC0-301F-11D3-BF4B-00C04F79EFBC}") = "MCUWidget", "..\MCUWidget\MCUWidget.csproj", "{F22CE198-8197-4031-9583-F7CCB7F147F2}"
EndProject
Project("{FAE04EC0-301F-11D3-BF4B-00C04F79EFBC}") = "PreferencesDialog", "..\PreferencesDialog\PreferencesDialog.csproj", "{54BDED94-021A-473B-8782-DD04AF1F443F}"
EndProject
Project("{2150E333-8FDC-42A3-9474-1A3956D46DE8}") = "Transport", "Transport", "{70D51A23-74C0-430D-92AF-2F0E881CB35A}"
EndProject
Project("{FAE04EC0-301F-11D3-BF4B-00C04F79EFBC}") = "CommandMessenger", "..\CommandMessengerLib\CommandMessenger\CommandMessenger.csproj", "{3CF8F8FC-6F5C-46F8-94DC-C2E4C505ECA4}"
EndProject
Project("{FAE04EC0-301F-11D3-BF4B-00C04F79EFBC}") = "CommandMessenger.Transport.Serial", "..\CommandMessengerLib\CommandMessenger.Transport.Serial\CommandMessenger.Transport.Serial.csproj", "{00D85F0B-00A5-41FA-8A99-428C0199C663}"
EndProject
Project("{FAE04EC0-301F-11D3-BF4B-00C04F79EFBC}") = "Logger", "..\Logger\Logger.csproj", "{DAF25932-C4D6-4619-BDA6-9CF7D8684340}"
EndProject
Project("{FAE04EC0-301F-11D3-BF4B-00C04F79EFBC}") = "Starter", "..\Starter\Starter.csproj", "{58116293-BDE7-4FB3-8C0A-CB873D9A5719}"
EndProject
Global
	GlobalSection(SolutionConfigurationPlatforms) = preSolution
		Debug|x86 = Debug|x86
		Release|x86 = Release|x86
		FakeSerial|Any CPU = FakeSerial|Any CPU
	EndGlobalSection
	GlobalSection(ProjectConfigurationPlatforms) = postSolution
		{00D85F0B-00A5-41FA-8A99-428C0199C663}.Debug|x86.ActiveCfg = Release|x86
		{00D85F0B-00A5-41FA-8A99-428C0199C663}.Debug|x86.Build.0 = Release|x86
		{00D85F0B-00A5-41FA-8A99-428C0199C663}.FakeSerial|Any CPU.ActiveCfg = FakeSerial|Any CPU
		{00D85F0B-00A5-41FA-8A99-428C0199C663}.FakeSerial|Any CPU.Build.0 = FakeSerial|Any CPU
		{00D85F0B-00A5-41FA-8A99-428C0199C663}.Release|x86.ActiveCfg = Release|x86
		{00D85F0B-00A5-41FA-8A99-428C0199C663}.Release|x86.Build.0 = Release|x86
		{04110A7A-9AAD-4DCC-BCC9-D5B43B7D7F5E}.Debug|x86.ActiveCfg = Debug|x86
		{04110A7A-9AAD-4DCC-BCC9-D5B43B7D7F5E}.Debug|x86.Build.0 = Debug|x86
		{04110A7A-9AAD-4DCC-BCC9-D5B43B7D7F5E}.FakeSerial|Any CPU.ActiveCfg = Debug|x86
		{04110A7A-9AAD-4DCC-BCC9-D5B43B7D7F5E}.FakeSerial|Any CPU.Build.0 = Debug|x86
		{04110A7A-9AAD-4DCC-BCC9-D5B43B7D7F5E}.Release|x86.ActiveCfg = Release|x86
		{04110A7A-9AAD-4DCC-BCC9-D5B43B7D7F5E}.Release|x86.Build.0 = Release|x86
		{26212356-8A7B-454E-91B0-D3A325E53AA5}.Debug|x86.ActiveCfg = Debug|x86
		{26212356-8A7B-454E-91B0-D3A325E53AA5}.Debug|x86.Build.0 = Debug|x86
		{26212356-8A7B-454E-91B0-D3A325E53AA5}.FakeSerial|Any CPU.ActiveCfg = FakeSerial|Any CPU
		{26212356-8A7B-454E-91B0-D3A325E53AA5}.FakeSerial|Any CPU.Build.0 = FakeSerial|Any CPU
		{26212356-8A7B-454E-91B0-D3A325E53AA5}.Release|x86.ActiveCfg = Release|x86
		{26212356-8A7B-454E-91B0-D3A325E53AA5}.Release|x86.Build.0 = Release|x86
		{2895E5CB-735D-4745-AF5F-40B9F3E7C1E9}.Debug|x86.ActiveCfg = Debug|x86
		{2895E5CB-735D-4745-AF5F-40B9F3E7C1E9}.Debug|x86.Build.0 = Debug|x86
		{2895E5CB-735D-4745-AF5F-40B9F3E7C1E9}.FakeSerial|Any CPU.ActiveCfg = Debug|x86
		{2895E5CB-735D-4745-AF5F-40B9F3E7C1E9}.FakeSerial|Any CPU.Build.0 = Debug|x86
		{2895E5CB-735D-4745-AF5F-40B9F3E7C1E9}.Release|x86.ActiveCfg = Release|x86
		{2895E5CB-735D-4745-AF5F-40B9F3E7C1E9}.Release|x86.Build.0 = Release|x86
		{2B884C8B-58D1-4299-A844-6377FD6EDBEE}.Debug|x86.ActiveCfg = Debug|x86
		{2B884C8B-58D1-4299-A844-6377FD6EDBEE}.Debug|x86.Build.0 = Debug|x86
		{2B884C8B-58D1-4299-A844-6377FD6EDBEE}.FakeSerial|Any CPU.ActiveCfg = Debug|x86
		{2B884C8B-58D1-4299-A844-6377FD6EDBEE}.FakeSerial|Any CPU.Build.0 = Debug|x86
		{2B884C8B-58D1-4299-A844-6377FD6EDBEE}.Release|x86.ActiveCfg = Release|x86
		{2B884C8B-58D1-4299-A844-6377FD6EDBEE}.Release|x86.Build.0 = Release|x86
		{3CF8F8FC-6F5C-46F8-94DC-C2E4C505ECA4}.Debug|x86.ActiveCfg = Release|x86
		{3CF8F8FC-6F5C-46F8-94DC-C2E4C505ECA4}.Debug|x86.Build.0 = Release|x86
		{3CF8F8FC-6F5C-46F8-94DC-C2E4C505ECA4}.FakeSerial|Any CPU.ActiveCfg = FakeSerial|Any CPU
		{3CF8F8FC-6F5C-46F8-94DC-C2E4C505ECA4}.FakeSerial|Any CPU.Build.0 = FakeSerial|Any CPU
		{3CF8F8FC-6F5C-46F8-94DC-C2E4C505ECA4}.Release|x86.ActiveCfg = Release|x86
		{3CF8F8FC-6F5C-46F8-94DC-C2E4C505ECA4}.Release|x86.Build.0 = Release|x86
		{54BDED94-021A-473B-8782-DD04AF1F443F}.Debug|x86.ActiveCfg = Debug|x86
		{54BDED94-021A-473B-8782-DD04AF1F443F}.Debug|x86.Build.0 = Debug|x86
		{54BDED94-021A-473B-8782-DD04AF1F443F}.FakeSerial|Any CPU.ActiveCfg = Debug|x86
		{54BDED94-021A-473B-8782-DD04AF1F443F}.FakeSerial|Any CPU.Build.0 = Debug|x86
		{54BDED94-021A-473B-8782-DD04AF1F443F}.Release|x86.ActiveCfg = Release|x86
		{54BDED94-021A-473B-8782-DD04AF1F443F}.Release|x86.Build.0 = Release|x86
		{58116293-BDE7-4FB3-8C0A-CB873D9A5719}.Debug|x86.ActiveCfg = Debug|x86
		{58116293-BDE7-4FB3-8C0A-CB873D9A5719}.Debug|x86.Build.0 = Debug|x86
		{58116293-BDE7-4FB3-8C0A-CB873D9A5719}.FakeSerial|Any CPU.ActiveCfg = Debug|x86
		{58116293-BDE7-4FB3-8C0A-CB873D9A5719}.FakeSerial|Any CPU.Build.0 = Debug|x86
		{58116293-BDE7-4FB3-8C0A-CB873D9A5719}.Release|x86.ActiveCfg = Release|x86
		{58116293-BDE7-4FB3-8C0A-CB873D9A5719}.Release|x86.Build.0 = Release|x86
		{6CB4019B-7C2D-4009-95A4-DAE460252C04}.Debug|x86.ActiveCfg = Debug|x86
		{6CB4019B-7C2D-4009-95A4-DAE460252C04}.Debug|x86.Build.0 = Debug|x86
		{6CB4019B-7C2D-4009-95A4-DAE460252C04}.FakeSerial|Any CPU.ActiveCfg = Debug|x86
		{6CB4019B-7C2D-4009-95A4-DAE460252C04}.FakeSerial|Any CPU.Build.0 = Debug|x86
		{6CB4019B-7C2D-4009-95A4-DAE460252C04}.Release|x86.ActiveCfg = Release|x86
		{6CB4019B-7C2D-4009-95A4-DAE460252C04}.Release|x86.Build.0 = Release|x86
		{7B3354E4-2100-496B-B15A-557FF10D9A2E}.Debug|x86.ActiveCfg = Debug|Any CPU
		{7B3354E4-2100-496B-B15A-557FF10D9A2E}.FakeSerial|Any CPU.ActiveCfg = FakeSerial|Any CPU
		{7B3354E4-2100-496B-B15A-557FF10D9A2E}.FakeSerial|Any CPU.Build.0 = FakeSerial|Any CPU
		{7B3354E4-2100-496B-B15A-557FF10D9A2E}.Release|x86.ActiveCfg = Release|Any CPU
		{7B3354E4-2100-496B-B15A-557FF10D9A2E}.Release|x86.Build.0 = Release|Any CPU
		{8538A3C9-0CE5-497E-9B4B-4663B0464859}.Debug|x86.ActiveCfg = Debug|x86
		{8538A3C9-0CE5-497E-9B4B-4663B0464859}.Debug|x86.Build.0 = Debug|x86
		{8538A3C9-0CE5-497E-9B4B-4663B0464859}.FakeSerial|Any CPU.ActiveCfg = Debug|x86
		{8538A3C9-0CE5-497E-9B4B-4663B0464859}.FakeSerial|Any CPU.Build.0 = Debug|x86
		{8538A3C9-0CE5-497E-9B4B-4663B0464859}.Release|x86.ActiveCfg = Release|x86
		{8538A3C9-0CE5-497E-9B4B-4663B0464859}.Release|x86.Build.0 = Release|x86
		{DAF25932-C4D6-4619-BDA6-9CF7D8684340}.Debug|x86.ActiveCfg = Release|Any CPU
		{DAF25932-C4D6-4619-BDA6-9CF7D8684340}.Debug|x86.Build.0 = Release|Any CPU
		{DAF25932-C4D6-4619-BDA6-9CF7D8684340}.FakeSerial|Any CPU.ActiveCfg = Debug|Any CPU
		{DAF25932-C4D6-4619-BDA6-9CF7D8684340}.FakeSerial|Any CPU.Build.0 = Debug|Any CPU
		{DAF25932-C4D6-4619-BDA6-9CF7D8684340}.Release|x86.ActiveCfg = Release|Any CPU
		{DAF25932-C4D6-4619-BDA6-9CF7D8684340}.Release|x86.Build.0 = Release|Any CPU
		{F22CE198-8197-4031-9583-F7CCB7F147F2}.Debug|x86.ActiveCfg = Debug|x86
		{F22CE198-8197-4031-9583-F7CCB7F147F2}.Debug|x86.Build.0 = Debug|x86
		{F22CE198-8197-4031-9583-F7CCB7F147F2}.FakeSerial|Any CPU.ActiveCfg = Debug|x86
		{F22CE198-8197-4031-9583-F7CCB7F147F2}.FakeSerial|Any CPU.Build.0 = Debug|x86
		{F22CE198-8197-4031-9583-F7CCB7F147F2}.Release|x86.ActiveCfg = Release|x86
		{F22CE198-8197-4031-9583-F7CCB7F147F2}.Release|x86.Build.0 = Release|x86
		{FFC2AF04-F784-438D-83A2-6467A27248E0}.Debug|x86.ActiveCfg = Debug|x86
		{FFC2AF04-F784-438D-83A2-6467A27248E0}.Debug|x86.Build.0 = Debug|x86
		{FFC2AF04-F784-438D-83A2-6467A27248E0}.FakeSerial|Any CPU.ActiveCfg = Debug|x86
		{FFC2AF04-F784-438D-83A2-6467A27248E0}.FakeSerial|Any CPU.Build.0 = Debug|x86
		{FFC2AF04-F784-438D-83A2-6467A27248E0}.Release|x86.ActiveCfg = Release|x86
		{FFC2AF04-F784-438D-83A2-6467A27248E0}.Release|x86.Build.0 = Release|x86
	EndGlobalSection
	GlobalSection(NestedProjects) = preSolution
		{FFC2AF04-F784-438D-83A2-6467A27248E0} = {A12F99B0-3709-47FD-B8A9-6101257C8F16}
		{6CB4019B-7C2D-4009-95A4-DAE460252C04} = {A12F99B0-3709-47FD-B8A9-6101257C8F16}
		{8538A3C9-0CE5-497E-9B4B-4663B0464859} = {A12F99B0-3709-47FD-B8A9-6101257C8F16}
		{2B884C8B-58D1-4299-A844-6377FD6EDBEE} = {A12F99B0-3709-47FD-B8A9-6101257C8F16}
		{2895E5CB-735D-4745-AF5F-40B9F3E7C1E9} = {A12F99B0-3709-47FD-B8A9-6101257C8F16}
		{F22CE198-8197-4031-9583-F7CCB7F147F2} = {A12F99B0-3709-47FD-B8A9-6101257C8F16}
		{54BDED94-021A-473B-8782-DD04AF1F443F} = {A12F99B0-3709-47FD-B8A9-6101257C8F16}
		{3CF8F8FC-6F5C-46F8-94DC-C2E4C505ECA4} = {70D51A23-74C0-430D-92AF-2F0E881CB35A}
		{00D85F0B-00A5-41FA-8A99-428C0199C663} = {70D51A23-74C0-430D-92AF-2F0E881CB35A}
	EndGlobalSection
	GlobalSection(MonoDevelopProperties) = preSolution
		Policies = $0
		$0.DotNetNamingPolicy = $1
		$1.DirectoryNamespaceAssociation = Hierarchical
		$1.ResourceNamePolicy = FileName
		$0.TextStylePolicy = $2
		$2.FileWidth = 120
		$2.TabsToSpaces = False
		$2.inheritsSet = VisualStudio
		$2.inheritsScope = text/plain
		$2.scope = text/plain
		$0.VersionControlPolicy = $3
		$3.inheritsSet = Mono
		$0.StandardHeader = $4
		$4.Text = 
		$4.IncludeInNewFiles = True
		outputpath = ..\..\Tools\Frontend
	EndGlobalSection
EndGlobal
